
Microsoft Visual Studio Solution File, Format Version 12.00
# Visual Studio Version 17
VisualStudioVersion = 17.14.36705.20 d17.14
MinimumVisualStudioVersion = 10.0.40219.1
Project("{FAE04EC0-301F-11D3-BF4B-00C04F79EFBC}") = "EES-MotorOverload-V1", "EES-MotorOverload-V1\EES-MotorOverload-V1.csproj", "{7919943B-831F-4415-8C99-491F7824E882}"
EndProject
Global
	GlobalSection(SolutionConfigurationPlatforms) = preSolution
		Debug|Any CPU = Debug|Any CPU
		Release|Any CPU = Release|Any CPU
	EndGlobalSection
	GlobalSection(ProjectConfigurationPlatforms) = postSolution
		{7919943B-831F-4415-8C99-491F7824E882}.Debug|Any CPU.ActiveCfg = Debug|Any CPU
		{7919943B-831F-4415-8C99-491F7824E882}.Debug|Any CPU.Build.0 = Debug|Any CPU
		{7919943B-831F-4415-8C99-491F7824E882}.Release|Any CPU.ActiveCfg = Release|Any CPU
		{7919943B-831F-4415-8C99-491F7824E882}.Release|Any CPU.Build.0 = Release|Any CPU
	EndGlobalSection
	GlobalSection(SolutionProperties) = preSolution
		HideSolutionNode = FALSE
	EndGlobalSection
	GlobalSection(ExtensibilityGlobals) = postSolution
		SolutionGuid = {79A4DFE2-EF88-462B-9F0C-26741B6E95D8}
	EndGlobalSection
EndGlobal
